
Microsoft Visual Studio Solution File, Format Version 12.00
# Visual Studio 15
VisualStudioVersion = 15.0.26730.8
MinimumVisualStudioVersion = 10.0.40219.1
Project("{FAE04EC0-301F-11D3-BF4B-00C04F79EFBC}") = "Simple Game Program", "Simple Game Program\Simple Game Program.csproj", "{04546053-8401-48C3-9EB3-C17C0402D4C8}"
EndProject
Global
	GlobalSection(SolutionConfigurationPlatforms) = preSolution
		Debug|Any CPU = Debug|Any CPU
		Release|Any CPU = Release|Any CPU
	EndGlobalSection
	GlobalSection(ProjectConfigurationPlatforms) = postSolution
		{04546053-8401-48C3-9EB3-C17C0402D4C8}.Debug|Any CPU.ActiveCfg = Debug|Any CPU
		{04546053-8401-48C3-9EB3-C17C0402D4C8}.Debug|Any CPU.Build.0 = Debug|Any CPU
		{04546053-8401-48C3-9EB3-C17C0402D4C8}.Release|Any CPU.ActiveCfg = Release|Any CPU
		{04546053-8401-48C3-9EB3-C17C0402D4C8}.Release|Any CPU.Build.0 = Release|Any CPU
	EndGlobalSection
	GlobalSection(SolutionProperties) = preSolution
		HideSolutionNode = FALSE
	EndGlobalSection
	GlobalSection(ExtensibilityGlobals) = postSolution
		SolutionGuid = {1477B293-0E02-4FE6-B69C-97C789BC1805}
	EndGlobalSection
EndGlobal
